
Microsoft Visual Studio Solution File, Format Version 12.00
# Visual Studio Version 17
VisualStudioVersion = 17.6.33829.357
MinimumVisualStudioVersion = 10.0.40219.1
Project("{FAE04EC0-301F-11D3-BF4B-00C04F79EFBC}") = "CCD_DDS", "CCD_DDS\CCD_DDS.csproj", "{058133B9-41C8-4D3E-97AF-1B036D2DB60E}"
EndProject
Global
	GlobalSection(SolutionConfigurationPlatforms) = preSolution
		Debug|Any CPU = Debug|Any CPU
		Release|Any CPU = Release|Any CPU
	EndGlobalSection
	GlobalSection(ProjectConfigurationPlatforms) = postSolution
		{058133B9-41C8-4D3E-97AF-1B036D2DB60E}.Debug|Any CPU.ActiveCfg = Debug|Any CPU
		{058133B9-41C8-4D3E-97AF-1B036D2DB60E}.Debug|Any CPU.Build.0 = Debug|Any CPU
		{058133B9-41C8-4D3E-97AF-1B036D2DB60E}.Release|Any CPU.ActiveCfg = Release|Any CPU
		{058133B9-41C8-4D3E-97AF-1B036D2DB60E}.Release|Any CPU.Build.0 = Release|Any CPU
	EndGlobalSection
	GlobalSection(SolutionProperties) = preSolution
		HideSolutionNode = FALSE
	EndGlobalSection
	GlobalSection(ExtensibilityGlobals) = postSolution
		SolutionGuid = {0452DDBA-9F75-472B-BE8A-E62CC216E258}
	EndGlobalSection
EndGlobal
